
Microsoft Visual Studio Solution File, Format Version 12.00
# Visual Studio Version 17
VisualStudioVersion = 17.4.33213.308
MinimumVisualStudioVersion = 10.0.40219.1
Project("{9A19103F-16F7-4668-BE54-9A1E7A4F7556}") = "New Game", "New Game\New Game.csproj", "{ACC5415D-FC3F-46AA-B40D-D994D5A3401F}"
EndProject
Project("{9A19103F-16F7-4668-BE54-9A1E7A4F7556}") = "Items", "Items\Items.csproj", "{625A2A11-CFB9-4DB2-8984-392C3E3D1EB1}"
EndProject
Project("{9A19103F-16F7-4668-BE54-9A1E7A4F7556}") = "Events", "Events\Events.csproj", "{F24A2612-000B-416B-841A-484B6F3ADDF5}"
EndProject
Project("{9A19103F-16F7-4668-BE54-9A1E7A4F7556}") = "Classes", "Classes\Classes.csproj", "{B260F5BB-0502-488E-AED1-50C371416A46}"
EndProject
Project("{FAE04EC0-301F-11D3-BF4B-00C04F79EFBC}") = "Common", "Common\Common.csproj", "{E46930F2-EFA9-4769-9D31-3BFCF972DCB3}"
EndProject
Global
	GlobalSection(SolutionConfigurationPlatforms) = preSolution
		Debug|Any CPU = Debug|Any CPU
		Release|Any CPU = Release|Any CPU
	EndGlobalSection
	GlobalSection(ProjectConfigurationPlatforms) = postSolution
		{ACC5415D-FC3F-46AA-B40D-D994D5A3401F}.Debug|Any CPU.ActiveCfg = Debug|Any CPU
		{ACC5415D-FC3F-46AA-B40D-D994D5A3401F}.Debug|Any CPU.Build.0 = Debug|Any CPU
		{ACC5415D-FC3F-46AA-B40D-D994D5A3401F}.Release|Any CPU.ActiveCfg = Release|Any CPU
		{ACC5415D-FC3F-46AA-B40D-D994D5A3401F}.Release|Any CPU.Build.0 = Release|Any CPU
		{625A2A11-CFB9-4DB2-8984-392C3E3D1EB1}.Debug|Any CPU.ActiveCfg = Debug|Any CPU
		{625A2A11-CFB9-4DB2-8984-392C3E3D1EB1}.Debug|Any CPU.Build.0 = Debug|Any CPU
		{625A2A11-CFB9-4DB2-8984-392C3E3D1EB1}.Release|Any CPU.ActiveCfg = Release|Any CPU
		{625A2A11-CFB9-4DB2-8984-392C3E3D1EB1}.Release|Any CPU.Build.0 = Release|Any CPU
		{F24A2612-000B-416B-841A-484B6F3ADDF5}.Debug|Any CPU.ActiveCfg = Debug|Any CPU
		{F24A2612-000B-416B-841A-484B6F3ADDF5}.Debug|Any CPU.Build.0 = Debug|Any CPU
		{F24A2612-000B-416B-841A-484B6F3ADDF5}.Release|Any CPU.ActiveCfg = Release|Any CPU
		{F24A2612-000B-416B-841A-484B6F3ADDF5}.Release|Any CPU.Build.0 = Release|Any CPU
		{B260F5BB-0502-488E-AED1-50C371416A46}.Debug|Any CPU.ActiveCfg = Debug|Any CPU
		{B260F5BB-0502-488E-AED1-50C371416A46}.Debug|Any CPU.Build.0 = Debug|Any CPU
		{B260F5BB-0502-488E-AED1-50C371416A46}.Release|Any CPU.ActiveCfg = Release|Any CPU
		{B260F5BB-0502-488E-AED1-50C371416A46}.Release|Any CPU.Build.0 = Release|Any CPU
		{E46930F2-EFA9-4769-9D31-3BFCF972DCB3}.Debug|Any CPU.ActiveCfg = Debug|Any CPU
		{E46930F2-EFA9-4769-9D31-3BFCF972DCB3}.Debug|Any CPU.Build.0 = Debug|Any CPU
		{E46930F2-EFA9-4769-9D31-3BFCF972DCB3}.Release|Any CPU.ActiveCfg = Release|Any CPU
		{E46930F2-EFA9-4769-9D31-3BFCF972DCB3}.Release|Any CPU.Build.0 = Release|Any CPU
	EndGlobalSection
	GlobalSection(SolutionProperties) = preSolution
		HideSolutionNode = FALSE
	EndGlobalSection
	GlobalSection(ExtensibilityGlobals) = postSolution
		SolutionGuid = {FF242740-A8B6-4445-8E44-E5157D66E8B1}
	EndGlobalSection
EndGlobal
